
Microsoft Visual Studio Solution File, Format Version 12.00
# Visual Studio Version 17
VisualStudioVersion = 17.7.34031.279
MinimumVisualStudioVersion = 10.0.40219.1
Project("{FAE04EC0-301F-11D3-BF4B-00C04F79EFBC}") = "SimpleATMApplication", "SimpleATMApplication.csproj", "{DE238E5D-B221-41DA-BD5A-1A4CD354386A}"
EndProject
Global
	GlobalSection(SolutionConfigurationPlatforms) = preSolution
		Debug|Any CPU = Debug|Any CPU
		Release|Any CPU = Release|Any CPU
	EndGlobalSection
	GlobalSection(ProjectConfigurationPlatforms) = postSolution
		{DE238E5D-B221-41DA-BD5A-1A4CD354386A}.Debug|Any CPU.ActiveCfg = Debug|Any CPU
		{DE238E5D-B221-41DA-BD5A-1A4CD354386A}.Debug|Any CPU.Build.0 = Debug|Any CPU
		{DE238E5D-B221-41DA-BD5A-1A4CD354386A}.Release|Any CPU.ActiveCfg = Release|Any CPU
		{DE238E5D-B221-41DA-BD5A-1A4CD354386A}.Release|Any CPU.Build.0 = Release|Any CPU
	EndGlobalSection
	GlobalSection(SolutionProperties) = preSolution
		HideSolutionNode = FALSE
	EndGlobalSection
	GlobalSection(ExtensibilityGlobals) = postSolution
		SolutionGuid = {41BE93A1-5663-46CA-892C-7E09E41DBEA4}
	EndGlobalSection
EndGlobal
